# THIS IS AN AUTOGENERATED FILE. DO NOT EDIT THIS FILE DIRECTLY.
# yarn lockfile v1


"@hotwired/stimulus@^3.2.2":
  version "3.2.2"
  resolved "https://registry.yarnpkg.com/@hotwired/stimulus/-/stimulus-3.2.2.tgz#071aab59c600fed95b97939e605ff261a4251608"
  integrity sha512-eGeIqNOQpXoPAIP7tC1+1Yc1yl1xnwYqg+3mzqxyrbE5pg5YFBZcA6YoTiByJB6DKAEsiWtl6tjTJS4IYtbB7A==

"@hotwired/turbo@^8.0.21":
  version "8.0.21"
  resolved "https://registry.yarnpkg.com/@hotwired/turbo/-/turbo-8.0.21.tgz#a3e80c01d70048200f64bbe3582b84f9bfac034e"
  integrity sha512-fJTv3JnzFHeDxBb23esZSOhT4r142xf5o3lKMFMvzPC6AllkqbBKk5Yb31UZhtIsKQCwmO/pUQrtTUlYl5CHAQ==
